
Microsoft Visual Studio Solution File, Format Version 12.00
# Visual Studio Version 16
VisualStudioVersion = 16.0.31729.503
MinimumVisualStudioVersion = 10.0.40219.1
Project("{FAE04EC0-301F-11D3-BF4B-00C04F79EFBC}") = "ProductReviewManagements", "ProductReviewManagements.csproj", "{C3B786B5-C3A3-4286-A7E8-5B1ACAACF823}"
EndProject
Global
	GlobalSection(SolutionConfigurationPlatforms) = preSolution
		Debug|Any CPU = Debug|Any CPU
		Release|Any CPU = Release|Any CPU
	EndGlobalSection
	GlobalSection(ProjectConfigurationPlatforms) = postSolution
		{C3B786B5-C3A3-4286-A7E8-5B1ACAACF823}.Debug|Any CPU.ActiveCfg = Debug|Any CPU
		{C3B786B5-C3A3-4286-A7E8-5B1ACAACF823}.Debug|Any CPU.Build.0 = Debug|Any CPU
		{C3B786B5-C3A3-4286-A7E8-5B1ACAACF823}.Release|Any CPU.ActiveCfg = Release|Any CPU
		{C3B786B5-C3A3-4286-A7E8-5B1ACAACF823}.Release|Any CPU.Build.0 = Release|Any CPU
	EndGlobalSection
	GlobalSection(SolutionProperties) = preSolution
		HideSolutionNode = FALSE
	EndGlobalSection
	GlobalSection(ExtensibilityGlobals) = postSolution
		SolutionGuid = {6F839CA8-8088-4F4E-B719-28BF67784157}
	EndGlobalSection
EndGlobal
